// !$*UTF8*$!
{
	archiveVersion = 1;
	classes = {
	};
	objectVersion = 77;
	objects = {

/* Begin PBXBuildFile section */
		89148FB32F9A894300D354DF /* TextifyrModels in Frameworks */ = {isa = PBXBuildFile; productRef = 89148FB22F9A894300D354DF /* TextifyrModels */; };
		89148FB52F9A894300D354DF /* TextifyrServices in Frameworks */ = {isa = PBXBuildFile; productRef = 89148FB42F9A894300D354DF /* TextifyrServices */; };
		89148FB72F9A894300D354DF /* TextifyrViewModels in Frameworks */ = {isa = PBXBuildFile; productRef = 89148FB62F9A894300D354DF /* TextifyrViewModels */; };
/* End PBXBuildFile section */

/* Begin PBXContainerItemProxy section */
		89625BB12F99434600FACC87 /* PBXContainerItemProxy */ = {
			isa = PBXContainerItemProxy;
			containerPortal = 89625B9B2F99434500FACC87 /* Project object */;
			proxyType = 1;
			remoteGlobalIDString = 89625BA22F99434500FACC87;
			remoteInfo = Textifyr_Mac;
		};
		89625BBB2F99434600FACC87 /* PBXContainerItemProxy */ = {
			isa = PBXContainerItemProxy;
			containerPortal = 89625B9B2F99434500FACC87 /* Project object */;
			proxyType = 1;
			remoteGlobalIDString = 89625BA22F99434500FACC87;
			remoteInfo = Textifyr_Mac;
		};
/* End PBXContainerItemProxy section */

/* Begin PBXFileReference section */
		89625BA32F99434500FACC87 /* Textifyr_Mac.app */ = {isa = PBXFileReference; explicitFileType = wrapper.application; includeInIndex = 0; path = Textifyr_Mac.app; sourceTree = BUILT_PRODUCTS_DIR; };
		89625BB02F99434600FACC87 /* Textifyr_MacTests.xctest */ = {isa = PBXFileReference; explicitFileType = wrapper.cfbundle; includeInIndex = 0; path = Textifyr_MacTests.xctest; sourceTree = BUILT_PRODUCTS_DIR; };
		89625BBA2F99434600FACC87 /* Textifyr_MacUITests.xctest */ = {isa = PBXFileReference; explicitFileType = wrapper.cfbundle; includeInIndex = 0; path = Textifyr_MacUITests.xctest; sourceTree = BUILT_PRODUCTS_DIR; };
/* End PBXFileReference section */

/* Begin PBXFileSystemSynchronizedRootGroup section */
		89625BA52F99434500FACC87 /* Textifyr_Mac */ = {
			isa = PBXFileSystemSynchronizedRootGroup;
			path = Textifyr_Mac;
			sourceTree = "<group>";
		};
		89625BB32F99434600FACC87 /* Textifyr_MacTests */ = {
			isa = PBXFileSystemSynchronizedRootGroup;
			path = Textifyr_MacTests;
			sourceTree = "<group>";
		};
		89625BBD2F99434600FACC87 /* Textifyr_MacUITests */ = {
			isa = PBXFileSystemSynchronizedRootGroup;
			path = Textifyr_MacUITests;
			sourceTree = "<group>";
		};
/* End PBXFileSystemSynchronizedRootGroup section */

/* Begin PBXFrameworksBuildPhase section */
		89625BA02F99434500FACC87 /* Frameworks */ = {
			isa = PBXFrameworksBuildPhase;
			buildActionMask = 2147483647;
			files = (
				89148FB72F9A894300D354DF /* TextifyrViewModels in Frameworks */,
				89148FB32F9A894300D354DF /* TextifyrModels in Frameworks */,
				89148FB52F9A894300D354DF /* TextifyrServices in Frameworks */,
			);
			runOnlyForDeploymentPostprocessing = 0;
		};
		89625BAD2F99434600FACC87 /* Frameworks */ = {
			isa = PBXFrameworksBuildPhase;
			buildActionMask = 2147483647;
			files = (
			);
			runOnlyForDeploymentPostprocessing = 0;
		};
		89625BB72F99434600FACC87 /* Frameworks */ = {
			isa = PBXFrameworksBuildPhase;
			buildActionMask = 2147483647;
			files = (
			);
			runOnlyForDeploymentPostprocessing = 0;
		};
/* End PBXFrameworksBuildPhase section */

/* Begin PBXGroup section */
		89625B9A2F99434500FACC87 = {
			isa = PBXGroup;
			children = (
				89625BA52F99434500FACC87 /* Textifyr_Mac */,
				89625BB32F99434600FACC87 /* Textifyr_MacTests */,
				89625BBD2F99434600FACC87 /* Textifyr_MacUITests */,
				89625BA42F99434500FACC87 /* Products */,
			);
			sourceTree = "<group>";
		};
		89625BA42F99434500FACC87 /* Products */ = {
			isa = PBXGroup;
			children = (
				89625BA32F99434500FACC87 /* Textifyr_Mac.app */,
				89625BB02F99434600FACC87 /* Textifyr_MacTests.xctest */,
				89625BBA2F99434600FACC87 /* Textifyr_MacUITests.xctest */,
			);
			name = Products;
			sourceTree = "<group>";
		};
/* End PBXGroup section */

/* Begin PBXNativeTarget section */
		89625BA22F99434500FACC87 /* Textifyr_Mac */ = {
			isa = PBXNativeTarget;
			buildConfigurationList = 89625BC42F99434600FACC87 /* Build configuration list for PBXNativeTarget "Textifyr_Mac" */;
			buildPhases = (
				89625B9F2F99434500FACC87 /* Sources */,
				89625BA02F99434500FACC87 /* Frameworks */,
				89625BA12F99434500FACC87 /* Resources */,
			);
			buildRules = (
			);
			dependencies = (
			);
			fileSystemSynchronizedGroups = (
				89625BA52F99434500FACC87 /* Textifyr_Mac */,
			);
			name = Textifyr_Mac;
			packageProductDependencies = (
				89148FB22F9A894300D354DF /* TextifyrModels */,
				89148FB42F9A894300D354DF /* TextifyrServices */,
				89148FB62F9A894300D354DF /* TextifyrViewModels */,
			);
			productName = Textifyr_Mac;
			productReference = 89625BA32F99434500FACC87 /* Textifyr_Mac.app */;
			productType = "com.apple.product-type.application";
		};
		89625BAF2F99434600FACC87 /* Textifyr_MacTests */ = {
			isa = PBXNativeTarget;
			buildConfigurationList = 89625BC72F99434600FACC87 /* Build configuration list for PBXNativeTarget "Textifyr_MacTests" */;
			buildPhases = (
				89625BAC2F99434600FACC87 /* Sources */,
				89625BAD2F99434600FACC87 /* Frameworks */,
				89625BAE2F99434600FACC87 /* Resources */,
			);
			buildRules = (
			);
			dependencies = (
				89625BB22F99434600FACC87 /* PBXTargetDependency */,
			);
			fileSystemSynchronizedGroups = (
				89625BB32F99434600FACC87 /* Textifyr_MacTests */,
			);
			name = Textifyr_MacTests;
			packageProductDependencies = (
			);
			productName = Textifyr_MacTests;
			productReference = 89625BB02F99434600FACC87 /* Textifyr_MacTests.xctest */;
			productType = "com.apple.product-type.bundle.unit-test";
		};
		89625BB92F99434600FACC87 /* Textifyr_MacUITests */ = {
			isa = PBXNativeTarget;
			buildConfigurationList = 89625BCA2F99434600FACC87 /* Build configuration list for PBXNativeTarget "Textifyr_MacUITests" */;
			buildPhases = (
				89625BB62F99434600FACC87 /* Sources */,
				89625BB72F99434600FACC87 /* Frameworks */,
				89625BB82F99434600FACC87 /* Resources */,
			);
			buildRules = (
			);
			dependencies = (
				89625BBC2F99434600FACC87 /* PBXTargetDependency */,
			);
			fileSystemSynchronizedGroups = (
				89625BBD2F99434600FACC87 /* Textifyr_MacUITests */,
			);
			name = Textifyr_MacUITests;
			packageProductDependencies = (
			);
			productName = Textifyr_MacUITests;
			productReference = 89625BBA2F99434600FACC87 /* Textifyr_MacUITests.xctest */;
			productType = "com.apple.product-type.bundle.ui-testing";
		};
/* End PBXNativeTarget section */

/* Begin PBXProject section */
		89625B9B2F99434500FACC87 /* Project object */ = {
			isa = PBXProject;
			attributes = {
				BuildIndependentTargetsInParallel = 1;
				LastSwiftUpdateCheck = 2630;
				LastUpgradeCheck = 2630;
				TargetAttributes = {
					89625BA22F99434500FACC87 = {
						CreatedOnToolsVersion = 26.3;
					};
					89625BAF2F99434600FACC87 = {
						CreatedOnToolsVersion = 26.3;
						TestTargetID = 89625BA22F99434500FACC87;
					};
					89625BB92F99434600FACC87 = {
						CreatedOnToolsVersion = 26.3;
						TestTargetID = 89625BA22F99434500FACC87;
					};
				};
			};
			buildConfigurationList = 89625B9E2F99434500FACC87 /* Build configuration list for PBXProject "Textifyr_Mac" */;
			developmentRegion = en;
			hasScannedForEncodings = 0;
			knownRegions = (
				en,
				Base,
			);
			mainGroup = 89625B9A2F99434500FACC87;
			minimizedProjectReferenceProxies = 1;
			packageReferences = (
				89148FB12F9A894300D354DF /* XCLocalSwiftPackageReference "../TextifyrCore" */,
			);
			preferredProjectObjectVersion = 77;
			productRefGroup = 89625BA42F99434500FACC87 /* Products */;
			projectDirPath = "";
			projectRoot = "";
			targets = (
				89625BA22F99434500FACC87 /* Textifyr_Mac */,
				89625BAF2F99434600FACC87 /* Textifyr_MacTests */,
				89625BB92F99434600FACC87 /* Textifyr_MacUITests */,
			);
		};
/* End PBXProject section */

/* Begin PBXResourcesBuildPhase section */
		89625BA12F99434500FACC87 /* Resources */ = {
			isa = PBXResourcesBuildPhase;
			buildActionMask = 2147483647;
			files = (
			);
			runOnlyForDeploymentPostprocessing = 0;
		};
		89625BAE2F99434600FACC87 /* Resources */ = {
			isa = PBXResourcesBuildPhase;
			buildActionMask = 2147483647;
			files = (
			);
			runOnlyForDeploymentPostprocessing = 0;
		};
		89625BB82F99434600FACC87 /* Resources */ = {
			isa = PBXResourcesBuildPhase;
			buildActionMask = 2147483647;
			files = (
			);
			runOnlyForDeploymentPostprocessing = 0;
		};
/* End PBXResourcesBuildPhase section */

/* Begin PBXSourcesBuildPhase section */
		89625B9F2F99434500FACC87 /* Sources */ = {
			isa = PBXSourcesBuildPhase;
			buildActionMask = 2147483647;
			files = (
			);
			runOnlyForDeploymentPostprocessing = 0;
		};
		89625BAC2F99434600FACC87 /* Sources */ = {
			isa = PBXSourcesBuildPhase;
			buildActionMask = 2147483647;
			files = (
			);
			runOnlyForDeploymentPostprocessing = 0;
		};
		89625BB62F99434600FACC87 /* Sources */ = {
			isa = PBXSourcesBuildPhase;
			buildActionMask = 2147483647;
			files = (
			);
			runOnlyForDeploymentPostprocessing = 0;
		};
/* End PBXSourcesBuildPhase section */

/* Begin PBXTargetDependency section */
		89625BB22F99434600FACC87 /* PBXTargetDependency */ = {
			isa = PBXTargetDependency;
			target = 89625BA22F99434500FACC87 /* Textifyr_Mac */;
			targetProxy = 89625BB12F99434600FACC87 /* PBXContainerItemProxy */;
		};
		89625BBC2F99434600FACC87 /* PBXTargetDependency */ = {
			isa = PBXTargetDependency;
			target = 89625BA22F99434500FACC87 /* Textifyr_Mac */;
			targetProxy = 89625BBB2F99434600FACC87 /* PBXContainerItemProxy */;
		};
/* End PBXTargetDependency section */

/* Begin XCBuildConfiguration section */
		89625BC22F99434600FACC87 /* Debug */ = {
			isa = XCBuildConfiguration;
			buildSettings = {
				ALWAYS_SEARCH_USER_PATHS = NO;
				ASSETCATALOG_COMPILER_GENERATE_SWIFT_ASSET_SYMBOL_EXTENSIONS = YES;
				CLANG_ANALYZER_NONNULL = YES;
				CLANG_ANALYZER_NUMBER_OBJECT_CONVERSION = YES_AGGRESSIVE;
				CLANG_CXX_LANGUAGE_STANDARD = "gnu++20";
				CLANG_ENABLE_MODULES = YES;
				CLANG_ENABLE_OBJC_ARC = YES;
				CLANG_ENABLE_OBJC_WEAK = YES;
				CLANG_WARN_BLOCK_CAPTURE_AUTORELEASING = YES;
				CLANG_WARN_BOOL_CONVERSION = YES;
				CLANG_WARN_COMMA = YES;
				CLANG_WARN_CONSTANT_CONVERSION = YES;
				CLANG_WARN_DEPRECATED_OBJC_IMPLEMENTATIONS = YES;
				CLANG_WARN_DIRECT_OBJC_ISA_USAGE = YES_ERROR;
				CLANG_WARN_DOCUMENTATION_COMMENTS = YES;
				CLANG_WARN_EMPTY_BODY = YES;
				CLANG_WARN_ENUM_CONVERSION = YES;
				CLANG_WARN_INFINITE_RECURSION = YES;
				CLANG_WARN_INT_CONVERSION = YES;
				CLANG_WARN_NON_LITERAL_NULL_CONVERSION = YES;
				CLANG_WARN_OBJC_IMPLICIT_RETAIN_SELF = YES;
				CLANG_WARN_OBJC_LITERAL_CONVERSION = YES;
				CLANG_WARN_OBJC_ROOT_CLASS = YES_ERROR;
				CLANG_WARN_QUOTED_INCLUDE_IN_FRAMEWORK_HEADER = YES;
				CLANG_WARN_RANGE_LOOP_ANALYSIS = YES;
				CLANG_WARN_STRICT_PROTOTYPES = YES;
				CLANG_WARN_SUSPICIOUS_MOVE = YES;
				CLANG_WARN_UNGUARDED_AVAILABILITY = YES_AGGRESSIVE;
				CLANG_WARN_UNREACHABLE_CODE = YES;
				CLANG_WARN__DUPLICATE_METHOD_MATCH = YES;
				COPY_PHASE_STRIP = NO;
				DEBUG_INFORMATION_FORMAT = dwarf;
				ENABLE_STRICT_OBJC_MSGSEND = YES;
				ENABLE_TESTABILITY = YES;
				ENABLE_USER_SCRIPT_SANDBOXING = YES;
				GCC_C_LANGUAGE_STANDARD = gnu17;
				GCC_DYNAMIC_NO_PIC = NO;
				GCC_NO_COMMON_BLOCKS = YES;
				GCC_OPTIMIZATION_LEVEL = 0;
				GCC_PREPROCESSOR_DEFINITIONS = (
					"DEBUG=1",
					"$(inherited)",
				);
				GCC_WARN_64_TO_32_BIT_CONVERSION = YES;
				GCC_WARN_ABOUT_RETURN_TYPE = YES_ERROR;
				GCC_WARN_UNDECLARED_SELECTOR = YES;
				GCC_WARN_UNINITIALIZED_AUTOS = YES_AGGRESSIVE;
				GCC_WARN_UNUSED_FUNCTION = YES;
				GCC_WARN_UNUSED_VARIABLE = YES;
				LOCALIZATION_PREFERS_STRING_CATALOGS = YES;
				MACOSX_DEPLOYMENT_TARGET = 26.2;
				MTL_ENABLE_DEBUG_INFO = INCLUDE_SOURCE;
				MTL_FAST_MATH = YES;
				ONLY_ACTIVE_ARCH = YES;
				SDKROOT = macosx;
				SWIFT_ACTIVE_COMPILATION_CONDITIONS = "DEBUG $(inherited)";
				SWIFT_OPTIMIZATION_LEVEL = "-Onone";
			};
			name = Debug;
		};
		89625BC32F99434600FACC87 /* Release */ = {
			isa = XCBuildConfiguration;
			buildSettings = {
				ALWAYS_SEARCH_USER_PATHS = NO;
				ASSETCATALOG_COMPILER_GENERATE_SWIFT_ASSET_SYMBOL_EXTENSIONS = YES;
				CLANG_ANALYZER_NONNULL = YES;
				CLANG_ANALYZER_NUMBER_OBJECT_CONVERSION = YES_AGGRESSIVE;
				CLANG_CXX_LANGUAGE_STANDARD = "gnu++20";
				CLANG_ENABLE_MODULES = YES;
				CLANG_ENABLE_OBJC_ARC = YES;
				CLANG_ENABLE_OBJC_WEAK = YES;
				CLANG_WARN_BLOCK_CAPTURE_AUTORELEASING = YES;
				CLANG_WARN_BOOL_CONVERSION = YES;
				CLANG_WARN_COMMA = YES;
				CLANG_WARN_CONSTANT_CONVERSION = YES;
				CLANG_WARN_DEPRECATED_OBJC_IMPLEMENTATIONS = YES;
				CLANG_WARN_DIRECT_OBJC_ISA_USAGE = YES_ERROR;
				CLANG_WARN_DOCUMENTATION_COMMENTS = YES;
				CLANG_WARN_EMPTY_BODY = YES;
				CLANG_WARN_ENUM_CONVERSION = YES;
				CLANG_WARN_INFINITE_RECURSION = YES;
				CLANG_WARN_INT_CONVERSION = YES;
				CLANG_WARN_NON_LITERAL_NULL_CONVERSION = YES;
				CLANG_WARN_OBJC_IMPLICIT_RETAIN_SELF = YES;
				CLANG_WARN_OBJC_LITERAL_CONVERSION = YES;
				CLANG_WARN_OBJC_ROOT_CLASS = YES_ERROR;
				CLANG_WARN_QUOTED_INCLUDE_IN_FRAMEWORK_HEADER = YES;
				CLANG_WARN_RANGE_LOOP_ANALYSIS = YES;
				CLANG_WARN_STRICT_PROTOTYPES = YES;
				CLANG_WARN_SUSPICIOUS_MOVE = YES;
				CLANG_WARN_UNGUARDED_AVAILABILITY = YES_AGGRESSIVE;
				CLANG_WARN_UNREACHABLE_CODE = YES;
				CLANG_WARN__DUPLICATE_METHOD_MATCH = YES;
				COPY_PHASE_STRIP = NO;
				DEBUG_INFORMATION_FORMAT = "dwarf-with-dsym";
				ENABLE_NS_ASSERTIONS = NO;
				ENABLE_STRICT_OBJC_MSGSEND = YES;
				ENABLE_USER_SCRIPT_SANDBOXING = YES;
				GCC_C_LANGUAGE_STANDARD = gnu17;
				GCC_NO_COMMON_BLOCKS = YES;
				GCC_WARN_64_TO_32_BIT_CONVERSION = YES;
				GCC_WARN_ABOUT_RETURN_TYPE = YES_ERROR;
				GCC_WARN_UNDECLARED_SELECTOR = YES;
				GCC_WARN_UNINITIALIZED_AUTOS = YES_AGGRESSIVE;
				GCC_WARN_UNUSED_FUNCTION = YES;
				GCC_WARN_UNUSED_VARIABLE = YES;
				LOCALIZATION_PREFERS_STRING_CATALOGS = YES;
				MACOSX_DEPLOYMENT_TARGET = 26.2;
				MTL_ENABLE_DEBUG_INFO = NO;
				MTL_FAST_MATH = YES;
				SDKROOT = macosx;
				SWIFT_COMPILATION_MODE = wholemodule;
			};
			name = Release;
		};
		89625BC52F99434600FACC87 /* Debug */ = {
			isa = XCBuildConfiguration;
			buildSettings = {
				ASSETCATALOG_COMPILER_APPICON_NAME = AppIcon;
				ASSETCATALOG_COMPILER_GLOBAL_ACCENT_COLOR_NAME = AccentColor;
				"CODE_SIGN_IDENTITY[sdk=macosx*]" = "-";
				CODE_SIGN_STYLE = Automatic;
				COMBINE_HIDPI_IMAGES = YES;
				CURRENT_PROJECT_VERSION = 1;
				DEVELOPMENT_TEAM = GDR6PYP3RX;
				ENABLE_APP_SANDBOX = YES;
				ENABLE_INCOMING_NETWORK_CONNECTIONS = NO;
				ENABLE_OUTGOING_NETWORK_CONNECTIONS = NO;
				ENABLE_PREVIEWS = YES;
				ENABLE_RESOURCE_ACCESS_AUDIO_INPUT = YES;
				ENABLE_RESOURCE_ACCESS_BLUETOOTH = NO;
				ENABLE_RESOURCE_ACCESS_CALENDARS = NO;
				ENABLE_RESOURCE_ACCESS_CAMERA = YES;
				ENABLE_RESOURCE_ACCESS_CONTACTS = NO;
				ENABLE_RESOURCE_ACCESS_LOCATION = NO;
				ENABLE_RESOURCE_ACCESS_PRINTING = YES;
				ENABLE_RESOURCE_ACCESS_USB = NO;
				ENABLE_USER_SELECTED_FILES = readonly;
				GENERATE_INFOPLIST_FILE = YES;
				INFOPLIST_KEY_NSHumanReadableCopyright = "";
				LD_RUNPATH_SEARCH_PATHS = (
					"$(inherited)",
					"@executable_path/../Frameworks",
				);
				MARKETING_VERSION = 1.0;
				PRODUCT_BUNDLE_IDENTIFIER = "com.wecandoit.Textifyr-Mac";
				PRODUCT_NAME = "$(TARGET_NAME)";
				REGISTER_APP_GROUPS = YES;
				STRING_CATALOG_GENERATE_SYMBOLS = YES;
				SWIFT_APPROACHABLE_CONCURRENCY = YES;
				SWIFT_DEFAULT_ACTOR_ISOLATION = MainActor;
				SWIFT_EMIT_LOC_STRINGS = YES;
				SWIFT_UPCOMING_FEATURE_MEMBER_IMPORT_VISIBILITY = YES;
				SWIFT_VERSION = 5.0;
			};
			name = Debug;
		};
		89625BC62F99434600FACC87 /* Release */ = {
			isa = XCBuildConfiguration;
			buildSettings = {
				ASSETCATALOG_COMPILER_APPICON_NAME = AppIcon;
				ASSETCATALOG_COMPILER_GLOBAL_ACCENT_COLOR_NAME = AccentColor;
				"CODE_SIGN_IDENTITY[sdk=macosx*]" = "-";
				CODE_SIGN_STYLE = Automatic;
				COMBINE_HIDPI_IMAGES = YES;
				CURRENT_PROJECT_VERSION = 1;
				DEVELOPMENT_TEAM = GDR6PYP3RX;
				ENABLE_APP_SANDBOX = YES;
				ENABLE_INCOMING_NETWORK_CONNECTIONS = NO;
				ENABLE_OUTGOING_NETWORK_CONNECTIONS = NO;
				ENABLE_PREVIEWS = YES;
				ENABLE_RESOURCE_ACCESS_AUDIO_INPUT = YES;
				ENABLE_RESOURCE_ACCESS_BLUETOOTH = NO;
				ENABLE_RESOURCE_ACCESS_CALENDARS = NO;
				ENABLE_RESOURCE_ACCESS_CAMERA = YES;
				ENABLE_RESOURCE_ACCESS_CONTACTS = NO;
				ENABLE_RESOURCE_ACCESS_LOCATION = NO;
				ENABLE_RESOURCE_ACCESS_PRINTING = YES;
				ENABLE_RESOURCE_ACCESS_USB = NO;
				ENABLE_USER_SELECTED_FILES = readonly;
				GENERATE_INFOPLIST_FILE = YES;
				INFOPLIST_KEY_NSHumanReadableCopyright = "";
				LD_RUNPATH_SEARCH_PATHS = (
					"$(inherited)",
					"@executable_path/../Frameworks",
				);
				MARKETING_VERSION = 1.0;
				PRODUCT_BUNDLE_IDENTIFIER = "com.wecandoit.Textifyr-Mac";
				PRODUCT_NAME = "$(TARGET_NAME)";
				REGISTER_APP_GROUPS = YES;
				STRING_CATALOG_GENERATE_SYMBOLS = YES;
				SWIFT_APPROACHABLE_CONCURRENCY = YES;
				SWIFT_DEFAULT_ACTOR_ISOLATION = MainActor;
				SWIFT_EMIT_LOC_STRINGS = YES;
				SWIFT_UPCOMING_FEATURE_MEMBER_IMPORT_VISIBILITY = YES;
				SWIFT_VERSION = 5.0;
			};
			name = Release;
		};
		89625BC82F99434600FACC87 /* Debug */ = {
			isa = XCBuildConfiguration;
			buildSettings = {
				BUNDLE_LOADER = "$(TEST_HOST)";
				CODE_SIGN_STYLE = Automatic;
				CURRENT_PROJECT_VERSION = 1;
				GENERATE_INFOPLIST_FILE = YES;
				MACOSX_DEPLOYMENT_TARGET = 26.2;
				MARKETING_VERSION = 1.0;
				PRODUCT_BUNDLE_IDENTIFIER = "com.wecandoit.Textifyr-MacTests";
				PRODUCT_NAME = "$(TARGET_NAME)";
				STRING_CATALOG_GENERATE_SYMBOLS = NO;
				SWIFT_APPROACHABLE_CONCURRENCY = YES;
				SWIFT_EMIT_LOC_STRINGS = NO;
				SWIFT_UPCOMING_FEATURE_MEMBER_IMPORT_VISIBILITY = YES;
				SWIFT_VERSION = 5.0;
				TEST_HOST = "$(BUILT_PRODUCTS_DIR)/Textifyr_Mac.app/$(BUNDLE_EXECUTABLE_FOLDER_PATH)/Textifyr_Mac";
			};
			name = Debug;
		};
		89625BC92F99434600FACC87 /* Release */ = {
			isa = XCBuildConfiguration;
			buildSettings = {
				BUNDLE_LOADER = "$(TEST_HOST)";
				CODE_SIGN_STYLE = Automatic;
				CURRENT_PROJECT_VERSION = 1;
				GENERATE_INFOPLIST_FILE = YES;
				MACOSX_DEPLOYMENT_TARGET = 26.2;
				MARKETING_VERSION = 1.0;
				PRODUCT_BUNDLE_IDENTIFIER = "com.wecandoit.Textifyr-MacTests";
				PRODUCT_NAME = "$(TARGET_NAME)";
				STRING_CATALOG_GENERATE_SYMBOLS = NO;
				SWIFT_APPROACHABLE_CONCURRENCY = YES;
				SWIFT_EMIT_LOC_STRINGS = NO;
				SWIFT_UPCOMING_FEATURE_MEMBER_IMPORT_VISIBILITY = YES;
				SWIFT_VERSION = 5.0;
				TEST_HOST = "$(BUILT_PRODUCTS_DIR)/Textifyr_Mac.app/$(BUNDLE_EXECUTABLE_FOLDER_PATH)/Textifyr_Mac";
			};
			name = Release;
		};
		89625BCB2F99434600FACC87 /* Debug */ = {
			isa = XCBuildConfiguration;
			buildSettings = {
				CODE_SIGN_STYLE = Automatic;
				CURRENT_PROJECT_VERSION = 1;
				GENERATE_INFOPLIST_FILE = YES;
				MARKETING_VERSION = 1.0;
				PRODUCT_BUNDLE_IDENTIFIER = "com.wecandoit.Textifyr-MacUITests";
				PRODUCT_NAME = "$(TARGET_NAME)";
				STRING_CATALOG_GENERATE_SYMBOLS = NO;
				SWIFT_APPROACHABLE_CONCURRENCY = YES;
				SWIFT_EMIT_LOC_STRINGS = NO;
				SWIFT_UPCOMING_FEATURE_MEMBER_IMPORT_VISIBILITY = YES;
				SWIFT_VERSION = 5.0;
				TEST_TARGET_NAME = Textifyr_Mac;
			};
			name = Debug;
		};
		89625BCC2F99434600FACC87 /* Release */ = {
			isa = XCBuildConfiguration;
			buildSettings = {
				CODE_SIGN_STYLE = Automatic;
				CURRENT_PROJECT_VERSION = 1;
				GENERATE_INFOPLIST_FILE = YES;
				MARKETING_VERSION = 1.0;
				PRODUCT_BUNDLE_IDENTIFIER = "com.wecandoit.Textifyr-MacUITests";
				PRODUCT_NAME = "$(TARGET_NAME)";
				STRING_CATALOG_GENERATE_SYMBOLS = NO;
				SWIFT_APPROACHABLE_CONCURRENCY = YES;
				SWIFT_EMIT_LOC_STRINGS = NO;
				SWIFT_UPCOMING_FEATURE_MEMBER_IMPORT_VISIBILITY = YES;
				SWIFT_VERSION = 5.0;
				TEST_TARGET_NAME = Textifyr_Mac;
			};
			name = Release;
		};
/* End XCBuildConfiguration section */

/* Begin XCConfigurationList section */
		89625B9E2F99434500FACC87 /* Build configuration list for PBXProject "Textifyr_Mac" */ = {
			isa = XCConfigurationList;
			buildConfigurations = (
				89625BC22F99434600FACC87 /* Debug */,
				89625BC32F99434600FACC87 /* Release */,
			);
			defaultConfigurationIsVisible = 0;
			defaultConfigurationName = Release;
		};
		89625BC42F99434600FACC87 /* Build configuration list for PBXNativeTarget "Textifyr_Mac" */ = {
			isa = XCConfigurationList;
			buildConfigurations = (
				89625BC52F99434600FACC87 /* Debug */,
				89625BC62F99434600FACC87 /* Release */,
			);
			defaultConfigurationIsVisible = 0;
			defaultConfigurationName = Release;
		};
		89625BC72F99434600FACC87 /* Build configuration list for PBXNativeTarget "Textifyr_MacTests" */ = {
			isa = XCConfigurationList;
			buildConfigurations = (
				89625BC82F99434600FACC87 /* Debug */,
				89625BC92F99434600FACC87 /* Release */,
			);
			defaultConfigurationIsVisible = 0;
			defaultConfigurationName = Release;
		};
		89625BCA2F99434600FACC87 /* Build configuration list for PBXNativeTarget "Textifyr_MacUITests" */ = {
			isa = XCConfigurationList;
			buildConfigurations = (
				89625BCB2F99434600FACC87 /* Debug */,
				89625BCC2F99434600FACC87 /* Release */,
			);
			defaultConfigurationIsVisible = 0;
			defaultConfigurationName = Release;
		};
/* End XCConfigurationList section */

/* Begin XCLocalSwiftPackageReference section */
		89148FB12F9A894300D354DF /* XCLocalSwiftPackageReference "../TextifyrCore" */ = {
			isa = XCLocalSwiftPackageReference;
			relativePath = ../TextifyrCore;
		};
/* End XCLocalSwiftPackageReference section */

/* Begin XCSwiftPackageProductDependency section */
		89148FB22F9A894300D354DF /* TextifyrModels */ = {
			isa = XCSwiftPackageProductDependency;
			productName = TextifyrModels;
		};
		89148FB42F9A894300D354DF /* TextifyrServices */ = {
			isa = XCSwiftPackageProductDependency;
			productName = TextifyrServices;
		};
		89148FB62F9A894300D354DF /* TextifyrViewModels */ = {
			isa = XCSwiftPackageProductDependency;
			productName = TextifyrViewModels;
		};
/* End XCSwiftPackageProductDependency section */
	};
	rootObject = 89625B9B2F99434500FACC87 /* Project object */;
}
